
Microsoft Visual Studio Solution File, Format Version 12.00
# Visual Studio Version 17
VisualStudioVersion = 17.2.32505.173
MinimumVisualStudioVersion = 10.0.40219.1
Project("{2150E333-8FDC-42A3-9474-1A3956D46DE8}") = "Services", "Services", "{CC58A7B4-0B69-46CD-A71B-E870749469AE}"
EndProject
Project("{2150E333-8FDC-42A3-9474-1A3956D46DE8}") = "test", "test", "{5F26BF36-4811-4899-9560-1695FA80AC47}"
EndProject
Project("{9A19103F-16F7-4668-BE54-9A1E7A4F7556}") = "CustomerOnboarding.Core", "Services\CustomerOnboarding\CustomerOnboarding.Core\CustomerOnboarding.Core.csproj", "{DBBC5D13-B004-473A-94CC-02D48DCF7111}"
EndProject
Project("{9A19103F-16F7-4668-BE54-9A1E7A4F7556}") = "CustomerOnboarding.ApplicationService", "Services\CustomerOnboarding\CustomerOnboarding.ApplicationService\CustomerOnboarding.ApplicationService.csproj", "{8C5DD77D-BFB3-46F1-83A7-5F4977AAB977}"
EndProject
Project("{9A19103F-16F7-4668-BE54-9A1E7A4F7556}") = "CustomerOnboarding.Api", "Services\CustomerOnboarding\CustomerOnboarding.Api\CustomerOnboarding.Api.csproj", "{B4C4EF93-73D8-4C59-BB9C-83BCBFB71AA9}"
EndProject
Project("{2150E333-8FDC-42A3-9474-1A3956D46DE8}") = "CustomerOnboarding", "CustomerOnboarding", "{13C85A6F-4904-4990-9192-9AAF79E49D33}"
EndProject
Project("{9A19103F-16F7-4668-BE54-9A1E7A4F7556}") = "CustomerOnboarding.Repository", "Services\CustomerOnboarding\CustomerOnboarding.Repository\CustomerOnboarding.Repository.csproj", "{E551DA29-A436-4B7C-A9D1-14D6FD47733B}"
EndProject
Project("{9A19103F-16F7-4668-BE54-9A1E7A4F7556}") = "CustomerOnboarding.ApplicationService.UnitTest", "Test\CustomerOnboarding.ApplicationService.UnitTest\CustomerOnboarding.ApplicationService.UnitTest.csproj", "{2608F139-F920-4E18-A068-95EC97D1D00D}"
EndProject
Global
	GlobalSection(SolutionConfigurationPlatforms) = preSolution
		Debug|Any CPU = Debug|Any CPU
		Release|Any CPU = Release|Any CPU
	EndGlobalSection
	GlobalSection(ProjectConfigurationPlatforms) = postSolution
		{DBBC5D13-B004-473A-94CC-02D48DCF7111}.Debug|Any CPU.ActiveCfg = Debug|Any CPU
		{DBBC5D13-B004-473A-94CC-02D48DCF7111}.Debug|Any CPU.Build.0 = Debug|Any CPU
		{DBBC5D13-B004-473A-94CC-02D48DCF7111}.Release|Any CPU.ActiveCfg = Release|Any CPU
		{DBBC5D13-B004-473A-94CC-02D48DCF7111}.Release|Any CPU.Build.0 = Release|Any CPU
		{8C5DD77D-BFB3-46F1-83A7-5F4977AAB977}.Debug|Any CPU.ActiveCfg = Debug|Any CPU
		{8C5DD77D-BFB3-46F1-83A7-5F4977AAB977}.Debug|Any CPU.Build.0 = Debug|Any CPU
		{8C5DD77D-BFB3-46F1-83A7-5F4977AAB977}.Release|Any CPU.ActiveCfg = Release|Any CPU
		{8C5DD77D-BFB3-46F1-83A7-5F4977AAB977}.Release|Any CPU.Build.0 = Release|Any CPU
		{B4C4EF93-73D8-4C59-BB9C-83BCBFB71AA9}.Debug|Any CPU.ActiveCfg = Debug|Any CPU
		{B4C4EF93-73D8-4C59-BB9C-83BCBFB71AA9}.Debug|Any CPU.Build.0 = Debug|Any CPU
		{B4C4EF93-73D8-4C59-BB9C-83BCBFB71AA9}.Release|Any CPU.ActiveCfg = Release|Any CPU
		{B4C4EF93-73D8-4C59-BB9C-83BCBFB71AA9}.Release|Any CPU.Build.0 = Release|Any CPU
		{E551DA29-A436-4B7C-A9D1-14D6FD47733B}.Debug|Any CPU.ActiveCfg = Debug|Any CPU
		{E551DA29-A436-4B7C-A9D1-14D6FD47733B}.Debug|Any CPU.Build.0 = Debug|Any CPU
		{E551DA29-A436-4B7C-A9D1-14D6FD47733B}.Release|Any CPU.ActiveCfg = Release|Any CPU
		{E551DA29-A436-4B7C-A9D1-14D6FD47733B}.Release|Any CPU.Build.0 = Release|Any CPU
		{2608F139-F920-4E18-A068-95EC97D1D00D}.Debug|Any CPU.ActiveCfg = Debug|Any CPU
		{2608F139-F920-4E18-A068-95EC97D1D00D}.Debug|Any CPU.Build.0 = Debug|Any CPU
		{2608F139-F920-4E18-A068-95EC97D1D00D}.Release|Any CPU.ActiveCfg = Release|Any CPU
		{2608F139-F920-4E18-A068-95EC97D1D00D}.Release|Any CPU.Build.0 = Release|Any CPU
	EndGlobalSection
	GlobalSection(SolutionProperties) = preSolution
		HideSolutionNode = FALSE
	EndGlobalSection
	GlobalSection(NestedProjects) = preSolution
		{DBBC5D13-B004-473A-94CC-02D48DCF7111} = {13C85A6F-4904-4990-9192-9AAF79E49D33}
		{8C5DD77D-BFB3-46F1-83A7-5F4977AAB977} = {13C85A6F-4904-4990-9192-9AAF79E49D33}
		{B4C4EF93-73D8-4C59-BB9C-83BCBFB71AA9} = {13C85A6F-4904-4990-9192-9AAF79E49D33}
		{13C85A6F-4904-4990-9192-9AAF79E49D33} = {CC58A7B4-0B69-46CD-A71B-E870749469AE}
		{E551DA29-A436-4B7C-A9D1-14D6FD47733B} = {13C85A6F-4904-4990-9192-9AAF79E49D33}
		{2608F139-F920-4E18-A068-95EC97D1D00D} = {5F26BF36-4811-4899-9560-1695FA80AC47}
	EndGlobalSection
	GlobalSection(ExtensibilityGlobals) = postSolution
		SolutionGuid = {1BF5C136-A189-4860-97E9-19CFE63F94AE}
	EndGlobalSection
EndGlobal
